
Microsoft Visual Studio Solution File, Format Version 12.00
# Visual Studio 15
VisualStudioVersion = 15.0.28307.779
MinimumVisualStudioVersion = 10.0.40219.1
Project("{FAE04EC0-301F-11D3-BF4B-00C04F79EFBC}") = "Условные Операторы 2", "Условные Операторы 2\Условные Операторы 2.csproj", "{151E53FE-09AB-4078-9076-2B82D33E768C}"
EndProject
Global
	GlobalSection(SolutionConfigurationPlatforms) = preSolution
		Debug|Any CPU = Debug|Any CPU
		Release|Any CPU = Release|Any CPU
	EndGlobalSection
	GlobalSection(ProjectConfigurationPlatforms) = postSolution
		{151E53FE-09AB-4078-9076-2B82D33E768C}.Debug|Any CPU.ActiveCfg = Debug|Any CPU
		{151E53FE-09AB-4078-9076-2B82D33E768C}.Debug|Any CPU.Build.0 = Debug|Any CPU
		{151E53FE-09AB-4078-9076-2B82D33E768C}.Release|Any CPU.ActiveCfg = Release|Any CPU
		{151E53FE-09AB-4078-9076-2B82D33E768C}.Release|Any CPU.Build.0 = Release|Any CPU
	EndGlobalSection
	GlobalSection(SolutionProperties) = preSolution
		HideSolutionNode = FALSE
	EndGlobalSection
	GlobalSection(ExtensibilityGlobals) = postSolution
		SolutionGuid = {FFAB3046-8E85-4CE8-AEA9-E23DE88292C0}
	EndGlobalSection
EndGlobal
