
Microsoft Visual Studio Solution File, Format Version 12.00
# Visual Studio 15
VisualStudioVersion = 15.0.28307.779
MinimumVisualStudioVersion = 10.0.40219.1
Project("{FAE04EC0-301F-11D3-BF4B-00C04F79EFBC}") = "Условные операторы 1", "Условные операторы 1\Условные операторы 1.csproj", "{508DA4B2-5823-49EA-A4DD-A0F3BE97CE28}"
EndProject
Global
	GlobalSection(SolutionConfigurationPlatforms) = preSolution
		Debug|Any CPU = Debug|Any CPU
		Release|Any CPU = Release|Any CPU
	EndGlobalSection
	GlobalSection(ProjectConfigurationPlatforms) = postSolution
		{508DA4B2-5823-49EA-A4DD-A0F3BE97CE28}.Debug|Any CPU.ActiveCfg = Debug|Any CPU
		{508DA4B2-5823-49EA-A4DD-A0F3BE97CE28}.Debug|Any CPU.Build.0 = Debug|Any CPU
		{508DA4B2-5823-49EA-A4DD-A0F3BE97CE28}.Release|Any CPU.ActiveCfg = Release|Any CPU
		{508DA4B2-5823-49EA-A4DD-A0F3BE97CE28}.Release|Any CPU.Build.0 = Release|Any CPU
	EndGlobalSection
	GlobalSection(SolutionProperties) = preSolution
		HideSolutionNode = FALSE
	EndGlobalSection
	GlobalSection(ExtensibilityGlobals) = postSolution
		SolutionGuid = {41F5F14E-B60A-4155-9EA3-BD56330C7AE0}
	EndGlobalSection
EndGlobal
