
Microsoft Visual Studio Solution File, Format Version 12.00
# Visual Studio 15
VisualStudioVersion = 15.0.28307.779
MinimumVisualStudioVersion = 10.0.40219.1
Project("{FAE04EC0-301F-11D3-BF4B-00C04F79EFBC}") = "Условные Операторы 4.3", "Условные Операторы 4.3\Условные Операторы 4.3.csproj", "{D506BD3B-E7F6-4948-9FCF-B9D71F4E8CF7}"
EndProject
Global
	GlobalSection(SolutionConfigurationPlatforms) = preSolution
		Debug|Any CPU = Debug|Any CPU
		Release|Any CPU = Release|Any CPU
	EndGlobalSection
	GlobalSection(ProjectConfigurationPlatforms) = postSolution
		{D506BD3B-E7F6-4948-9FCF-B9D71F4E8CF7}.Debug|Any CPU.ActiveCfg = Debug|Any CPU
		{D506BD3B-E7F6-4948-9FCF-B9D71F4E8CF7}.Debug|Any CPU.Build.0 = Debug|Any CPU
		{D506BD3B-E7F6-4948-9FCF-B9D71F4E8CF7}.Release|Any CPU.ActiveCfg = Release|Any CPU
		{D506BD3B-E7F6-4948-9FCF-B9D71F4E8CF7}.Release|Any CPU.Build.0 = Release|Any CPU
	EndGlobalSection
	GlobalSection(SolutionProperties) = preSolution
		HideSolutionNode = FALSE
	EndGlobalSection
	GlobalSection(ExtensibilityGlobals) = postSolution
		SolutionGuid = {9FD86C8F-3AEB-46A0-9B0C-74DAE40C82E9}
	EndGlobalSection
EndGlobal
