
Microsoft Visual Studio Solution File, Format Version 12.00
# Visual Studio 15
VisualStudioVersion = 15.0.28307.779
MinimumVisualStudioVersion = 10.0.40219.1
Project("{FAE04EC0-301F-11D3-BF4B-00C04F79EFBC}") = "Математические Формулы", "Математические Формулы\Математические Формулы.csproj", "{A322BCC8-AD9C-441E-A30D-EF0C248B18D0}"
EndProject
Global
	GlobalSection(SolutionConfigurationPlatforms) = preSolution
		Debug|Any CPU = Debug|Any CPU
		Release|Any CPU = Release|Any CPU
	EndGlobalSection
	GlobalSection(ProjectConfigurationPlatforms) = postSolution
		{A322BCC8-AD9C-441E-A30D-EF0C248B18D0}.Debug|Any CPU.ActiveCfg = Debug|Any CPU
		{A322BCC8-AD9C-441E-A30D-EF0C248B18D0}.Debug|Any CPU.Build.0 = Debug|Any CPU
		{A322BCC8-AD9C-441E-A30D-EF0C248B18D0}.Release|Any CPU.ActiveCfg = Release|Any CPU
		{A322BCC8-AD9C-441E-A30D-EF0C248B18D0}.Release|Any CPU.Build.0 = Release|Any CPU
	EndGlobalSection
	GlobalSection(SolutionProperties) = preSolution
		HideSolutionNode = FALSE
	EndGlobalSection
	GlobalSection(ExtensibilityGlobals) = postSolution
		SolutionGuid = {31C9DC82-8977-4871-B2BA-643591D8BB15}
	EndGlobalSection
EndGlobal
